PODS:
  - ZDCChat (1.3.7.1):
    - ZDCChat/API (= 1.3.7.1)
    - ZDCChat/Localization (= 1.3.7.1)
    - ZDCChat/UI (= 1.3.7.1)
  - ZDCChat/API (1.3.7.1)
  - ZDCChat/Localization (1.3.7.1)
  - ZDCChat/UI (1.3.7.1):
    - ZDCChat/API

DEPENDENCIES:
  - ZDCChat

SPEC CHECKSUMS:
  ZDCChat: 022351259c723b713bc701f71a244e4416a92257

PODFILE CHECKSUM: 1a7bddceab7e6988509bb9f3a574b4f7abe19fa0

COCOAPODS: 1.4.0
